
Microsoft Visual Studio Solution File, Format Version 12.00
# Visual Studio Version 17
VisualStudioVersion = 17.1.32210.238
MinimumVisualStudioVersion = 10.0.40219.1
Project("{9A19103F-16F7-4668-BE54-9A1E7A4F7556}") = "TestCRUD", "C:\Users\Maris\source\repos\TestCRUD\TestCRUD\TestCRUD.csproj", "{C0AD052D-3FD7-40DF-A929-2422DEE7388E}"
EndProject
Global
	GlobalSection(SolutionConfigurationPlatforms) = preSolution
		Debug|Any CPU = Debug|Any CPU
		Release|Any CPU = Release|Any CPU
	EndGlobalSection
	GlobalSection(ProjectConfigurationPlatforms) = postSolution
		{C0AD052D-3FD7-40DF-A929-2422DEE7388E}.Debug|Any CPU.ActiveCfg = Debug|Any CPU
		{C0AD052D-3FD7-40DF-A929-2422DEE7388E}.Debug|Any CPU.Build.0 = Debug|Any CPU
		{C0AD052D-3FD7-40DF-A929-2422DEE7388E}.Release|Any CPU.ActiveCfg = Release|Any CPU
		{C0AD052D-3FD7-40DF-A929-2422DEE7388E}.Release|Any CPU.Build.0 = Release|Any CPU
	EndGlobalSection
	GlobalSection(SolutionProperties) = preSolution
		HideSolutionNode = FALSE
	EndGlobalSection
	GlobalSection(ExtensibilityGlobals) = postSolution
		SolutionGuid = {E6A30087-C3F8-41C2-85B9-0F28259DE88D}
	EndGlobalSection
EndGlobal
